
Microsoft Visual Studio Solution File, Format Version 12.00
# Visual Studio Version 16
VisualStudioVersion = 16.0.29503.13
MinimumVisualStudioVersion = 10.0.40219.1
Project("{FAE04EC0-301F-11D3-BF4B-00C04F79EFBC}") = "DesignPatterns.CSharp", "DesignPatterns.CSharp\DesignPatterns.CSharp.csproj", "{48FB707E-256C-41B9-A306-3B9E05521367}"
EndProject
Global
	GlobalSection(SolutionConfigurationPlatforms) = preSolution
		Debug|Any CPU = Debug|Any CPU
		Release|Any CPU = Release|Any CPU
	EndGlobalSection
	GlobalSection(ProjectConfigurationPlatforms) = postSolution
		{48FB707E-256C-41B9-A306-3B9E05521367}.Debug|Any CPU.ActiveCfg = Debug|Any CPU
		{48FB707E-256C-41B9-A306-3B9E05521367}.Debug|Any CPU.Build.0 = Debug|Any CPU
		{48FB707E-256C-41B9-A306-3B9E05521367}.Release|Any CPU.ActiveCfg = Release|Any CPU
		{48FB707E-256C-41B9-A306-3B9E05521367}.Release|Any CPU.Build.0 = Release|Any CPU
	EndGlobalSection
	GlobalSection(SolutionProperties) = preSolution
		HideSolutionNode = FALSE
	EndGlobalSection
	GlobalSection(ExtensibilityGlobals) = postSolution
		SolutionGuid = {C164306B-3282-4F2E-87DA-8605B1A17DDF}
	EndGlobalSection
EndGlobal
